<?xml version="1.0" encoding="utf-8"?>
<Project ToolsVersion="4.0" xmlns="http://schemas.microsoft.com/developer/msbuild/2003">
  <ItemGroup>
    <ClCompile Include="..\Source\BaseModel.cpp" />
    <ClCompile Include="..\Source\main.cpp" />
    <ClCompile Include="..\Source\Scene.cpp" />
    <ClCompile Include="..\Source\Common.cpp">
      <Filter>Tools</Filter>
    </ClCompile>
    <ClCompile Include="..\Source\Shader.cpp">
      <Filter>Tools</Filter>
    </ClCompile>
    <ClCompile Include="..\Source\tiny_obj_loader.cpp">
      <Filter>Tools</Filter>
    </ClCompile>
    <ClCompile Include="..\Source\ViewManager.cpp">
      <Filter>Tools</Filter>
    </ClCompile>
  </ItemGroup>
  <ItemGroup>
    <Filter Include="Tools">
      <UniqueIdentifier>{820a18ae-0990-4bed-a007-1051e7a5817e}</UniqueIdentifier>
    </Filter>
    <Filter Include="ToolsHeader">
      <UniqueIdentifier>{3cc9b6a4-6cd0-4c24-a565-84ed78e534e7}</UniqueIdentifier>
    </Filter>
    <Filter Include="Shaders">
      <UniqueIdentifier>{72acc6c5-5e55-439d-9a70-2883b9275db6}</UniqueIdentifier>
    </Filter>
  </ItemGroup>
  <ItemGroup>
    <ClInclude Include="..\Include\Common.h">
      <Filter>ToolsHeader</Filter>
    </ClInclude>
    <ClInclude Include="..\Include\Shader.h">
      <Filter>ToolsHeader</Filter>
    </ClInclude>
    <ClInclude Include="..\Include\ViewManager.h">
      <Filter>ToolsHeader</Filter>
    </ClInclude>
    <ClInclude Include="..\Include\BaseModel.h" />
    <ClInclude Include="..\Include\Scene.h" />
  </ItemGroup>
  <ItemGroup>
    <None Include="..\Assets\fragment.fs.glsl">
      <Filter>Shaders</Filter>
    </None>
    <None Include="..\Assets\vertex.vs.glsl">
      <Filter>Shaders</Filter>
    </None>
  </ItemGroup>
</Project>